{
    "_meta": {
        "hash": {
            "sha256": "30464a0a5c57bf3eee02a47a3fdce4245150abfe1b002161ed79727c274233bd"
        },
        "pipfile-spec": 6,
        "requires": {
            "python_version": "3.12"
        },
        "sources": [
            {
                "name": "pypi",
                "url": "https://pypi.org/simple",
                "verify_ssl": true
            }
        ]
    },
    "default": {},
    "develop": {}
}
